
Microsoft Visual Studio Solution File, Format Version 12.00
# Visual Studio 15
VisualStudioVersion = 15.0.28010.2048
MinimumVisualStudioVersion = 10.0.40219.1
Project("{FAE04EC0-301F-11D3-BF4B-00C04F79EFBC}") = "Login", "Login\Login.csproj", "{B785ADF2-DFFA-49FE-BF65-50F864BB3BF7}"
EndProject
Project("{FAE04EC0-301F-11D3-BF4B-00C04F79EFBC}") = "CoreNegocios", "CoreNegocios\CoreNegocios.csproj", "{6E18B98D-8806-4683-97CD-E0BA9DD45236}"
EndProject
Project("{FAE04EC0-301F-11D3-BF4B-00C04F79EFBC}") = "CapaDeDatos", "CapaDeDatos\CapaDeDatos.csproj", "{6CA4732F-0A60-4451-AD57-37D73503E587}"
EndProject
Project("{FAE04EC0-301F-11D3-BF4B-00C04F79EFBC}") = "WebServiceAPI", "WebServiceAPI\WebServiceAPI.csproj", "{6E97F258-0C83-4A52-BF36-370631977577}"
EndProject
Global
	GlobalSection(SolutionConfigurationPlatforms) = preSolution
		Debug|Any CPU = Debug|Any CPU
		Release|Any CPU = Release|Any CPU
	EndGlobalSection
	GlobalSection(ProjectConfigurationPlatforms) = postSolution
		{B785ADF2-DFFA-49FE-BF65-50F864BB3BF7}.Debug|Any CPU.ActiveCfg = Debug|Any CPU
		{B785ADF2-DFFA-49FE-BF65-50F864BB3BF7}.Debug|Any CPU.Build.0 = Debug|Any CPU
		{B785ADF2-DFFA-49FE-BF65-50F864BB3BF7}.Release|Any CPU.ActiveCfg = Release|Any CPU
		{B785ADF2-DFFA-49FE-BF65-50F864BB3BF7}.Release|Any CPU.Build.0 = Release|Any CPU
		{6E18B98D-8806-4683-97CD-E0BA9DD45236}.Debug|Any CPU.ActiveCfg = Debug|Any CPU
		{6E18B98D-8806-4683-97CD-E0BA9DD45236}.Debug|Any CPU.Build.0 = Debug|Any CPU
		{6E18B98D-8806-4683-97CD-E0BA9DD45236}.Release|Any CPU.ActiveCfg = Release|Any CPU
		{6E18B98D-8806-4683-97CD-E0BA9DD45236}.Release|Any CPU.Build.0 = Release|Any CPU
		{6CA4732F-0A60-4451-AD57-37D73503E587}.Debug|Any CPU.ActiveCfg = Debug|Any CPU
		{6CA4732F-0A60-4451-AD57-37D73503E587}.Debug|Any CPU.Build.0 = Debug|Any CPU
		{6CA4732F-0A60-4451-AD57-37D73503E587}.Release|Any CPU.ActiveCfg = Release|Any CPU
		{6CA4732F-0A60-4451-AD57-37D73503E587}.Release|Any CPU.Build.0 = Release|Any CPU
		{6E97F258-0C83-4A52-BF36-370631977577}.Debug|Any CPU.ActiveCfg = Debug|Any CPU
		{6E97F258-0C83-4A52-BF36-370631977577}.Debug|Any CPU.Build.0 = Debug|Any CPU
		{6E97F258-0C83-4A52-BF36-370631977577}.Release|Any CPU.ActiveCfg = Release|Any CPU
		{6E97F258-0C83-4A52-BF36-370631977577}.Release|Any CPU.Build.0 = Release|Any CPU
	EndGlobalSection
	GlobalSection(SolutionProperties) = preSolution
		HideSolutionNode = FALSE
	EndGlobalSection
	GlobalSection(ExtensibilityGlobals) = postSolution
		SolutionGuid = {30316A05-0FF0-483F-AE66-5DEC05C85C5C}
	EndGlobalSection
EndGlobal
